// !$*UTF8*$!
{
	archiveVersion = 1;
	classes = {
	};
	objectVersion = 46;
	objects = {

/* Begin PBXBuildFile section */
		7BF898751DE5865600218F3E /* AppDelegate.swift in Sources */ = {isa = PBXBuildFile; fileRef = 7BF898741DE5865600218F3E /* AppDelegate.swift */; };
		7BF898771DE5865600218F3E /* ViewController.swift in Sources */ = {isa = PBXBuildFile; fileRef = 7BF898761DE5865600218F3E /* ViewController.swift */; };
		7BF8987A1DE5865600218F3E /* Main.storyboard in Resources */ = {isa = PBXBuildFile; fileRef = 7BF898781DE5865600218F3E /* Main.storyboard */; };
		7BF8987D1DE5865600218F3E /* SizeClasses.xcdatamodeld in Sources */ = {isa = PBXBuildFile; fileRef = 7BF8987B1DE5865600218F3E /* SizeClasses.xcdatamodeld */; };
		7BF8987F1DE5865600218F3E /* Assets.xcassets in Resources */ = {isa = PBXBuildFile; fileRef = 7BF8987E1DE5865600218F3E /* Assets.xcassets */; };
		7BF898821DE5865600218F3E /* LaunchScreen.storyboard in Resources */ = {isa = PBXBuildFile; fileRef = 7BF898801DE5865600218F3E /* LaunchScreen.storyboard */; };
/* End PBXBuildFile section */

/* Begin PBXFileReference section */
		7BF898711DE5865600218F3E /* SizeClasses.app */ = {isa = PBXFileReference; explicitFileType = wrapper.application; includeInIndex = 0; path = SizeClasses.app; sourceTree = BUILT_PRODUCTS_DIR; };
		7BF898741DE5865600218F3E /* AppDelegate.swift */ = {isa = PBXFileReference; lastKnownFileType = sourcecode.swift; path = AppDelegate.swift; sourceTree = "<group>"; };
		7BF898761DE5865600218F3E /* ViewController.swift */ = {isa = PBXFileReference; lastKnownFileType = sourcecode.swift; path = ViewController.swift; sourceTree = "<group>"; };
		7BF898791DE5865600218F3E /* Base */ = {isa = PBXFileReference; lastKnownFileType = file.storyboard; name = Base; path = Base.lproj/Main.storyboard; sourceTree = "<group>"; };
		7BF8987C1DE5865600218F3E /* SizeClasses.xcdatamodel */ = {isa = PBXFileReference; lastKnownFileType = wrapper.xcdatamodel; path = SizeClasses.xcdatamodel; sourceTree = "<group>"; };
		7BF8987E1DE5865600218F3E /* Assets.xcassets */ = {isa = PBXFileReference; lastKnownFileType = folder.assetcatalog; path = Assets.xcassets; sourceTree = "<group>"; };
		7BF898811DE5865600218F3E /* Base */ = {isa = PBXFileReference; lastKnownFileType = file.storyboard; name = Base; path = Base.lproj/LaunchScreen.storyboard; sourceTree = "<group>"; };
		7BF898831DE5865600218F3E /* Info.plist */ = {isa = PBXFileReference; lastKnownFileType = text.plist.xml; path = Info.plist; sourceTree = "<group>"; };
/* End PBXFileReference section */

/* Begin PBXFrameworksBuildPhase section */
		7BF8986E1DE5865600218F3E /* Frameworks */ = {
			isa = PBXFrameworksBuildPhase;
			buildActionMask = 2147483647;
			files = (
			);
			runOnlyForDeploymentPostprocessing = 0;
		};
/* End PBXFrameworksBuildPhase section */

/* Begin PBXGroup section */
		7BF898681DE5865600218F3E = {
			isa = PBXGroup;
			children = (
				7BF898731DE5865600218F3E /* SizeClasses */,
				7BF898721DE5865600218F3E /* Products */,
			);
			sourceTree = "<group>";
		};
		7BF898721DE5865600218F3E /* Products */ = {
			isa = PBXGroup;
			children = (
				7BF898711DE5865600218F3E /* SizeClasses.app */,
			);
			name = Products;
			sourceTree = "<group>";
		};
		7BF898731DE5865600218F3E /* SizeClasses */ = {
			isa = PBXGroup;
			children = (
				7BF898741DE5865600218F3E /* AppDelegate.swift */,
				7BF898761DE5865600218F3E /* ViewController.swift */,
				7BF898781DE5865600218F3E /* Main.storyboard */,
				7BF8987E1DE5865600218F3E /* Assets.xcassets */,
				7BF898801DE5865600218F3E /* LaunchScreen.storyboard */,
				7BF898831DE5865600218F3E /* Info.plist */,
				7BF8987B1DE5865600218F3E /* SizeClasses.xcdatamodeld */,
			);
			path = SizeClasses;
			sourceTree = "<group>";
		};
/* End PBXGroup section */

/* Begin PBXNativeTarget section */
		7BF898701DE5865600218F3E /* SizeClasses */ = {
			isa = PBXNativeTarget;
			buildConfigurationList = 7BF898861DE5865600218F3E /* Build configuration list for PBXNativeTarget "SizeClasses" */;
			buildPhases = (
				7BF8986D1DE5865600218F3E /* Sources */,
				7BF8986E1DE5865600218F3E /* Frameworks */,
				7BF8986F1DE5865600218F3E /* Resources */,
			);
			buildRules = (
			);
			dependencies = (
			);
			name = SizeClasses;
			productName = SizeClasses;
			productReference = 7BF898711DE5865600218F3E /* SizeClasses.app */;
			productType = "com.apple.product-type.application";
		};
/* End PBXNativeTarget section */

/* Begin PBXProject section */
		7BF898691DE5865600218F3E /* Project object */ = {
			isa = PBXProject;
			attributes = {
				LastSwiftUpdateCheck = 0730;
				LastUpgradeCheck = 0730;
				ORGANIZATIONNAME = techactive;
				TargetAttributes = {
					7BF898701DE5865600218F3E = {
						CreatedOnToolsVersion = 7.3;
					};
				};
			};
			buildConfigurationList = 7BF8986C1DE5865600218F3E /* Build configuration list for PBXProject "SizeClasses" */;
			compatibilityVersion = "Xcode 3.2";
			developmentRegion = English;
			hasScannedForEncodings = 0;
			knownRegions = (
				en,
				Base,
			);
			mainGroup = 7BF898681DE5865600218F3E;
			productRefGroup = 7BF898721DE5865600218F3E /* Products */;
			projectDirPath = "";
			projectRoot = "";
			targets = (
				7BF898701DE5865600218F3E /* SizeClasses */,
			);
		};
/* End PBXProject section */

/* Begin PBXResourcesBuildPhase section */
		7BF8986F1DE5865600218F3E /* Resources */ = {
			isa = PBXResourcesBuildPhase;
			buildActionMask = 2147483647;
			files = (
				7BF898821DE5865600218F3E /* LaunchScreen.storyboard in Resources */,
				7BF8987F1DE5865600218F3E /* Assets.xcassets in Resources */,
				7BF8987A1DE5865600218F3E /* Main.storyboard in Resources */,
			);
			runOnlyForDeploymentPostprocessing = 0;
		};
/* End PBXResourcesBuildPhase section */

/* Begin PBXSourcesBuildPhase section */
		7BF8986D1DE5865600218F3E /* Sources */ = {
			isa = PBXSourcesBuildPhase;
			buildActionMask = 2147483647;
			files = (
				7BF898771DE5865600218F3E /* ViewController.swift in Sources */,
				7BF898751DE5865600218F3E /* AppDelegate.swift in Sources */,
				7BF8987D1DE5865600218F3E /* SizeClasses.xcdatamodeld in Sources */,
			);
			runOnlyForDeploymentPostprocessing = 0;
		};
/* End PBXSourcesBuildPhase section */

/* Begin PBXVariantGroup section */
		7BF898781DE5865600218F3E /* Main.storyboard */ = {
			isa = PBXVariantGroup;
			children = (
				7BF898791DE5865600218F3E /* Base */,
			);
			name = Main.storyboard;
			sourceTree = "<group>";
		};
		7BF898801DE5865600218F3E /* LaunchScreen.storyboard */ = {
			isa = PBXVariantGroup;
			children = (
				7BF898811DE5865600218F3E /* Base */,
			);
			name = LaunchScreen.storyboard;
			sourceTree = "<group>";
		};
/* End PBXVariantGroup section */

/* Begin XCBuildConfiguration section */
		7BF898841DE5865600218F3E /* Debug */ = {
			isa = XCBuildConfiguration;
			buildSettings = {
				ALWAYS_SEARCH_USER_PATHS = NO;
				CLANG_ANALYZER_NONNULL = YES;
				CLANG_CXX_LANGUAGE_STANDARD = "gnu++0x";
				CLANG_CXX_LIBRARY = "libc++";
				CLANG_ENABLE_MODULES = YES;
				CLANG_ENABLE_OBJC_ARC = YES;
				CLANG_WARN_BOOL_CONVERSION = YES;
				CLANG_WARN_CONSTANT_CONVERSION = YES;
				CLANG_WARN_DIRECT_OBJC_ISA_USAGE = YES_ERROR;
				CLANG_WARN_EMPTY_BODY = YES;
				CLANG_WARN_ENUM_CONVERSION = YES;
				CLANG_WARN_INT_CONVERSION = YES;
				CLANG_WARN_OBJC_ROOT_CLASS = YES_ERROR;
				CLANG_WARN_UNREACHABLE_CODE = YES;
				CLANG_WARN__DUPLICATE_METHOD_MATCH = YES;
				"CODE_SIGN_IDENTITY[sdk=iphoneos*]" = "iPhone Developer";
				COPY_PHASE_STRIP = NO;
				DEBUG_INFORMATION_FORMAT = dwarf;
				ENABLE_STRICT_OBJC_MSGSEND = YES;
				ENABLE_TESTABILITY = YES;
				GCC_C_LANGUAGE_STANDARD = gnu99;
				GCC_DYNAMIC_NO_PIC = NO;
				GCC_NO_COMMON_BLOCKS = YES;
				GCC_OPTIMIZATION_LEVEL = 0;
				GCC_PREPROCESSOR_DEFINITIONS = (
					"DEBUG=1",
					"$(inherited)",
				);
				GCC_WARN_64_TO_32_BIT_CONVERSION = YES;
				GCC_WARN_ABOUT_RETURN_TYPE = YES_ERROR;
				GCC_WARN_UNDECLARED_SELECTOR = YES;
				GCC_WARN_UNINITIALIZED_AUTOS = YES_AGGRESSIVE;
				GCC_WARN_UNUSED_FUNCTION = YES;
				GCC_WARN_UNUSED_VARIABLE = YES;
				IPHONEOS_DEPLOYMENT_TARGET = 9.3;
				MTL_ENABLE_DEBUG_INFO = YES;
				ONLY_ACTIVE_ARCH = YES;
				SDKROOT = iphoneos;
				SWIFT_OPTIMIZATION_LEVEL = "-Onone";
			};
			name = Debug;
		};
		7BF898851DE5865600218F3E /* Release */ = {
			isa = XCBuildConfiguration;
			buildSettings = {
				ALWAYS_SEARCH_USER_PATHS = NO;
				CLANG_ANALYZER_NONNULL = YES;
				CLANG_CXX_LANGUAGE_STANDARD = "gnu++0x";
				CLANG_CXX_LIBRARY = "libc++";
				CLANG_ENABLE_MODULES = YES;
				CLANG_ENABLE_OBJC_ARC = YES;
				CLANG_WARN_BOOL_CONVERSION = YES;
				CLANG_WARN_CONSTANT_CONVERSION = YES;
				CLANG_WARN_DIRECT_OBJC_ISA_USAGE = YES_ERROR;
				CLANG_WARN_EMPTY_BODY = YES;
				CLANG_WARN_ENUM_CONVERSION = YES;
				CLANG_WARN_INT_CONVERSION = YES;
				CLANG_WARN_OBJC_ROOT_CLASS = YES_ERROR;
				CLANG_WARN_UNREACHABLE_CODE = YES;
				CLANG_WARN__DUPLICATE_METHOD_MATCH = YES;
				"CODE_SIGN_IDENTITY[sdk=iphoneos*]" = "iPhone Developer";
				COPY_PHASE_STRIP = NO;
				DEBUG_INFORMATION_FORMAT = "dwarf-with-dsym";
				ENABLE_NS_ASSERTIONS = NO;
				ENABLE_STRICT_OBJC_MSGSEND = YES;
				GCC_C_LANGUAGE_STANDARD = gnu99;
				GCC_NO_COMMON_BLOCKS = YES;
				GCC_WARN_64_TO_32_BIT_CONVERSION = YES;
				GCC_WARN_ABOUT_RETURN_TYPE = YES_ERROR;
				GCC_WARN_UNDECLARED_SELECTOR = YES;
				GCC_WARN_UNINITIALIZED_AUTOS = YES_AGGRESSIVE;
				GCC_WARN_UNUSED_FUNCTION = YES;
				GCC_WARN_UNUSED_VARIABLE = YES;
				IPHONEOS_DEPLOYMENT_TARGET = 9.3;
				MTL_ENABLE_DEBUG_INFO = NO;
				SDKROOT = iphoneos;
				VALIDATE_PRODUCT = YES;
			};
			name = Release;
		};
		7BF898871DE5865600218F3E /* Debug */ = {
			isa = XCBuildConfiguration;
			buildSettings = {
				ASSETCATALOG_COMPILER_APPICON_NAME = AppIcon;
				INFOPLIST_FILE = SizeClasses/Info.plist;
				LD_RUNPATH_SEARCH_PATHS = "$(inherited) @executable_path/Frameworks";
				PRODUCT_BUNDLE_IDENTIFIER = com.Techactive.SizeClasses;
				PRODUCT_NAME = "$(TARGET_NAME)";
			};
			name = Debug;
		};
		7BF898881DE5865600218F3E /* Release */ = {
			isa = XCBuildConfiguration;
			buildSettings = {
				ASSETCATALOG_COMPILER_APPICON_NAME = AppIcon;
				INFOPLIST_FILE = SizeClasses/Info.plist;
				LD_RUNPATH_SEARCH_PATHS = "$(inherited) @executable_path/Frameworks";
				PRODUCT_BUNDLE_IDENTIFIER = com.Techactive.SizeClasses;
				PRODUCT_NAME = "$(TARGET_NAME)";
			};
			name = Release;
		};
/* End XCBuildConfiguration section */

/* Begin XCConfigurationList section */
		7BF8986C1DE5865600218F3E /* Build configuration list for PBXProject "SizeClasses" */ = {
			isa = XCConfigurationList;
			buildConfigurations = (
				7BF898841DE5865600218F3E /* Debug */,
				7BF898851DE5865600218F3E /* Release */,
			);
			defaultConfigurationIsVisible = 0;
			defaultConfigurationName = Release;
		};
		7BF898861DE5865600218F3E /* Build configuration list for PBXNativeTarget "SizeClasses" */ = {
			isa = XCConfigurationList;
			buildConfigurations = (
				7BF898871DE5865600218F3E /* Debug */,
				7BF898881DE5865600218F3E /* Release */,
			);
			defaultConfigurationIsVisible = 0;
		};
/* End XCConfigurationList section */

/* Begin XCVersionGroup section */
		7BF8987B1DE5865600218F3E /* SizeClasses.xcdatamodeld */ = {
			isa = XCVersionGroup;
			children = (
				7BF8987C1DE5865600218F3E /* SizeClasses.xcdatamodel */,
			);
			currentVersion = 7BF8987C1DE5865600218F3E /* SizeClasses.xcdatamodel */;
			path = SizeClasses.xcdatamodeld;
			sourceTree = "<group>";
			versionGroupType = wrapper.xcdatamodel;
		};
/* End XCVersionGroup section */
	};
	rootObject = 7BF898691DE5865600218F3E /* Project object */;
}
